// !$*UTF8*$!
{
	archiveVersion = 1;
	classes = {
	};
	objectVersion = 55;
	objects = {

/* Begin PBXBuildFile section */
		9B29EF7128A5002F00124BF8 /* IMG_1833.jpg in Resources */ = {isa = PBXBuildFile; fileRef = 9B29EF7028A5002F00124BF8 /* IMG_1833.jpg */; };
		9B29EF7328A517CE00124BF8 /* WeatherViewController.swift in Sources */ = {isa = PBXBuildFile; fileRef = 9B29EF7228A517CD00124BF8 /* WeatherViewController.swift */; };
		9B29EF7528A5193400124BF8 /* WeatherInfo.swift in Sources */ = {isa = PBXBuildFile; fileRef = 9B29EF7428A5193400124BF8 /* WeatherInfo.swift */; };
		9B347ABC28A5F8D9005CD1A3 /* IMG_1837.jpg in Resources */ = {isa = PBXBuildFile; fileRef = 9B347ABB28A5F8D8005CD1A3 /* IMG_1837.jpg */; };
		9B8E4F4428A1109600DB566D /* AppDelegate.swift in Sources */ = {isa = PBXBuildFile; fileRef = 9B8E4F4328A1109600DB566D /* AppDelegate.swift */; };
		9B8E4F4628A1109600DB566D /* SceneDelegate.swift in Sources */ = {isa = PBXBuildFile; fileRef = 9B8E4F4528A1109600DB566D /* SceneDelegate.swift */; };
		9B8E4F4828A1109600DB566D /* ViewController.swift in Sources */ = {isa = PBXBuildFile; fileRef = 9B8E4F4728A1109600DB566D /* ViewController.swift */; };
		9B8E4F4B28A1109600DB566D /* Main.storyboard in Resources */ = {isa = PBXBuildFile; fileRef = 9B8E4F4928A1109600DB566D /* Main.storyboard */; };
		9B8E4F4D28A1109900DB566D /* Assets.xcassets in Resources */ = {isa = PBXBuildFile; fileRef = 9B8E4F4C28A1109900DB566D /* Assets.xcassets */; };
		9B8E4F5028A1109900DB566D /* LaunchScreen.storyboard in Resources */ = {isa = PBXBuildFile; fileRef = 9B8E4F4E28A1109900DB566D /* LaunchScreen.storyboard */; };
		9BB3D07328A23B0300C4C3AD /* SearchViewController.swift in Sources */ = {isa = PBXBuildFile; fileRef = 9BB3D07228A23B0300C4C3AD /* SearchViewController.swift */; };
		9BB3D07528A23F4000C4C3AD /* componentSetting.swift in Sources */ = {isa = PBXBuildFile; fileRef = 9BB3D07428A23F4000C4C3AD /* componentSetting.swift */; };
		9BB3D07828A249DD00C4C3AD /* API Callers.swift in Sources */ = {isa = PBXBuildFile; fileRef = 9BB3D07728A249DD00C4C3AD /* API Callers.swift */; };
		9BB3D07B28A24A6000C4C3AD /* Ddarengi.swift in Sources */ = {isa = PBXBuildFile; fileRef = 9BB3D07A28A24A6000C4C3AD /* Ddarengi.swift */; };
		9BB3D07E28A24B9D00C4C3AD /* Alamofire in Frameworks */ = {isa = PBXBuildFile; productRef = 9BB3D07D28A24B9D00C4C3AD /* Alamofire */; };
		9BE6FD9528A4CBFB000478DC /* TableViewCell.swift in Sources */ = {isa = PBXBuildFile; fileRef = 9BE6FD9328A4CBFB000478DC /* TableViewCell.swift */; };
		9BE6FD9628A4CBFB000478DC /* TableViewCell.xib in Resources */ = {isa = PBXBuildFile; fileRef = 9BE6FD9428A4CBFB000478DC /* TableViewCell.xib */; };
		9BE6FD9928A4D439000478DC /* SearchData.swift in Sources */ = {isa = PBXBuildFile; fileRef = 9BE6FD9828A4D439000478DC /* SearchData.swift */; };
		9BE6FD9B28A4D5E5000478DC /* SearchDataModel.swift in Sources */ = {isa = PBXBuildFile; fileRef = 9BE6FD9A28A4D5E4000478DC /* SearchDataModel.swift */; };
		9BEA059F28A384CE00F94528 /* DataForMarker.swift in Sources */ = {isa = PBXBuildFile; fileRef = 9BEA059E28A384CE00F94528 /* DataForMarker.swift */; };
		9BEA05A328A3857B00F94528 /* Data_Struct.swift in Sources */ = {isa = PBXBuildFile; fileRef = 9BEA05A228A3857B00F94528 /* Data_Struct.swift */; };
		FD0DCB6B8BDC8F8425D44262 /* Pods_nenetwork.framework in Frameworks */ = {isa = PBXBuildFile; fileRef = 9456A9F0A9A76B1BB1011DB6 /* Pods_nenetwork.framework */; };
/* End PBXBuildFile section */

/* Begin PBXFileReference section */
		39791708B9B23E0D2A99CA05 /* Pods-nenetwork.release.xcconfig */ = {isa = PBXFileReference; includeInIndex = 1; lastKnownFileType = text.xcconfig; name = "Pods-nenetwork.release.xcconfig"; path = "Target Support Files/Pods-nenetwork/Pods-nenetwork.release.xcconfig"; sourceTree = "<group>"; };
		9456A9F0A9A76B1BB1011DB6 /* Pods_nenetwork.framework */ = {isa = PBXFileReference; explicitFileType = wrapper.framework; includeInIndex = 0; path = Pods_nenetwork.framework; sourceTree = BUILT_PRODUCTS_DIR; };
		9B29EF7028A5002F00124BF8 /* IMG_1833.jpg */ = {isa = PBXFileReference; lastKnownFileType = image.jpeg; name = IMG_1833.jpg; path = ../../../../../../Downloads/IMG_1833.jpg; sourceTree = "<group>"; };
		9B29EF7228A517CD00124BF8 /* WeatherViewController.swift */ = {isa = PBXFileReference; lastKnownFileType = sourcecode.swift; path = WeatherViewController.swift; sourceTree = "<group>"; };
		9B29EF7428A5193400124BF8 /* WeatherInfo.swift */ = {isa = PBXFileReference; lastKnownFileType = sourcecode.swift; path = WeatherInfo.swift; sourceTree = "<group>"; };
		9B347ABB28A5F8D8005CD1A3 /* IMG_1837.jpg */ = {isa = PBXFileReference; lastKnownFileType = image.jpeg; name = IMG_1837.jpg; path = ../../../../../../Downloads/IMG_1837.jpg; sourceTree = "<group>"; };
		9B8E4F4028A1109600DB566D /* nenetwork.app */ = {isa = PBXFileReference; explicitFileType = wrapper.application; includeInIndex = 0; path = nenetwork.app; sourceTree = BUILT_PRODUCTS_DIR; };
		9B8E4F4328A1109600DB566D /* AppDelegate.swift */ = {isa = PBXFileReference; lastKnownFileType = sourcecode.swift; path = AppDelegate.swift; sourceTree = "<group>"; };
		9B8E4F4528A1109600DB566D /* SceneDelegate.swift */ = {isa = PBXFileReference; lastKnownFileType = sourcecode.swift; path = SceneDelegate.swift; sourceTree = "<group>"; };
		9B8E4F4728A1109600DB566D /* ViewController.swift */ = {isa = PBXFileReference; lastKnownFileType = sourcecode.swift; path = ViewController.swift; sourceTree = "<group>"; };
		9B8E4F4A28A1109600DB566D /* Base */ = {isa = PBXFileReference; lastKnownFileType = file.storyboard; name = Base; path = Base.lproj/Main.storyboard; sourceTree = "<group>"; };
		9B8E4F4C28A1109900DB566D /* Assets.xcassets */ = {isa = PBXFileReference; lastKnownFileType = folder.assetcatalog; path = Assets.xcassets; sourceTree = "<group>"; };
		9B8E4F4F28A1109900DB566D /* Base */ = {isa = PBXFileReference; lastKnownFileType = file.storyboard; name = Base; path = Base.lproj/LaunchScreen.storyboard; sourceTree = "<group>"; };
		9B8E4F5128A1109900DB566D /* Info.plist */ = {isa = PBXFileReference; lastKnownFileType = text.plist.xml; path = Info.plist; sourceTree = "<group>"; };
		9BB3D07228A23B0300C4C3AD /* SearchViewController.swift */ = {isa = PBXFileReference; lastKnownFileType = sourcecode.swift; path = SearchViewController.swift; sourceTree = "<group>"; };
		9BB3D07428A23F4000C4C3AD /* componentSetting.swift */ = {isa = PBXFileReference; lastKnownFileType = sourcecode.swift; path = componentSetting.swift; sourceTree = "<group>"; };
		9BB3D07728A249DD00C4C3AD /* API Callers.swift */ = {isa = PBXFileReference; lastKnownFileType = sourcecode.swift; path = "API Callers.swift"; sourceTree = "<group>"; };
		9BB3D07A28A24A6000C4C3AD /* Ddarengi.swift */ = {isa = PBXFileReference; lastKnownFileType = sourcecode.swift; path = Ddarengi.swift; sourceTree = "<group>"; };
		9BE6FD9328A4CBFB000478DC /* TableViewCell.swift */ = {isa = PBXFileReference; lastKnownFileType = sourcecode.swift; path = TableViewCell.swift; sourceTree = "<group>"; };
		9BE6FD9428A4CBFB000478DC /* TableViewCell.xib */ = {isa = PBXFileReference; lastKnownFileType = file.xib; path = TableViewCell.xib; sourceTree = "<group>"; };
		9BE6FD9828A4D439000478DC /* SearchData.swift */ = {isa = PBXFileReference; lastKnownFileType = sourcecode.swift; path = SearchData.swift; sourceTree = "<group>"; };
		9BE6FD9A28A4D5E4000478DC /* SearchDataModel.swift */ = {isa = PBXFileReference; lastKnownFileType = sourcecode.swift; path = SearchDataModel.swift; sourceTree = "<group>"; };
		9BEA059E28A384CE00F94528 /* DataForMarker.swift */ = {isa = PBXFileReference; lastKnownFileType = sourcecode.swift; path = DataForMarker.swift; sourceTree = "<group>"; };
		9BEA05A228A3857B00F94528 /* Data_Struct.swift */ = {isa = PBXFileReference; lastKnownFileType = sourcecode.swift; path = Data_Struct.swift; sourceTree = "<group>"; };
		BDC79618F3C4BD537FAD6B82 /* Pods-nenetwork.debug.xcconfig */ = {isa = PBXFileReference; includeInIndex = 1; lastKnownFileType = text.xcconfig; name = "Pods-nenetwork.debug.xcconfig"; path = "Target Support Files/Pods-nenetwork/Pods-nenetwork.debug.xcconfig"; sourceTree = "<group>"; };
/* End PBXFileReference section */

/* Begin PBXFrameworksBuildPhase section */
		9B8E4F3D28A1109600DB566D /* Frameworks */ = {
			isa = PBXFrameworksBuildPhase;
			buildActionMask = 2147483647;
			files = (
				9BB3D07E28A24B9D00C4C3AD /* Alamofire in Frameworks */,
				FD0DCB6B8BDC8F8425D44262 /* Pods_nenetwork.framework in Frameworks */,
			);
			runOnlyForDeploymentPostprocessing = 0;
		};
/* End PBXFrameworksBuildPhase section */

/* Begin PBXGroup section */
		532CFC97F6407D26442CD1AD /* Pods */ = {
			isa = PBXGroup;
			children = (
				BDC79618F3C4BD537FAD6B82 /* Pods-nenetwork.debug.xcconfig */,
				39791708B9B23E0D2A99CA05 /* Pods-nenetwork.release.xcconfig */,
			);
			path = Pods;
			sourceTree = "<group>";
		};
		92EBE844F2E58DE170C44581 /* Frameworks */ = {
			isa = PBXGroup;
			children = (
				9456A9F0A9A76B1BB1011DB6 /* Pods_nenetwork.framework */,
			);
			name = Frameworks;
			sourceTree = "<group>";
		};
		9B29EF6F28A5001E00124BF8 /* TestImage */ = {
			isa = PBXGroup;
			children = (
				9B347ABB28A5F8D8005CD1A3 /* IMG_1837.jpg */,
				9B29EF7028A5002F00124BF8 /* IMG_1833.jpg */,
			);
			path = TestImage;
			sourceTree = "<group>";
		};
		9B8E4F3728A1109600DB566D = {
			isa = PBXGroup;
			children = (
				9B8E4F4228A1109600DB566D /* nenetwork */,
				9B8E4F4128A1109600DB566D /* Products */,
				532CFC97F6407D26442CD1AD /* Pods */,
				92EBE844F2E58DE170C44581 /* Frameworks */,
			);
			sourceTree = "<group>";
		};
		9B8E4F4128A1109600DB566D /* Products */ = {
			isa = PBXGroup;
			children = (
				9B8E4F4028A1109600DB566D /* nenetwork.app */,
			);
			name = Products;
			sourceTree = "<group>";
		};
		9B8E4F4228A1109600DB566D /* nenetwork */ = {
			isa = PBXGroup;
			children = (
				9B29EF6F28A5001E00124BF8 /* TestImage */,
				9BE6FD9128A4CBE1000478DC /* Search */,
				9BEA059D28A384BB00F94528 /* Model */,
				9BB3D07928A24A5000C4C3AD /* Methods */,
				9BB3D07628A249BE00C4C3AD /* API Models */,
				9B8E4F4328A1109600DB566D /* AppDelegate.swift */,
				9B8E4F4528A1109600DB566D /* SceneDelegate.swift */,
				9B29EF7228A517CD00124BF8 /* WeatherViewController.swift */,
				9B8E4F4728A1109600DB566D /* ViewController.swift */,
				9B8E4F4928A1109600DB566D /* Main.storyboard */,
				9B8E4F4C28A1109900DB566D /* Assets.xcassets */,
				9B8E4F4E28A1109900DB566D /* LaunchScreen.storyboard */,
				9B8E4F5128A1109900DB566D /* Info.plist */,
				9BB3D07428A23F4000C4C3AD /* componentSetting.swift */,
			);
			path = nenetwork;
			sourceTree = "<group>";
		};
		9BB3D07628A249BE00C4C3AD /* API Models */ = {
			isa = PBXGroup;
			children = (
				9BB3D07A28A24A6000C4C3AD /* Ddarengi.swift */,
				9B29EF7428A5193400124BF8 /* WeatherInfo.swift */,
			);
			path = "API Models";
			sourceTree = "<group>";
		};
		9BB3D07928A24A5000C4C3AD /* Methods */ = {
			isa = PBXGroup;
			children = (
				9BB3D07728A249DD00C4C3AD /* API Callers.swift */,
			);
			path = Methods;
			sourceTree = "<group>";
		};
		9BE6FD9128A4CBE1000478DC /* Search */ = {
			isa = PBXGroup;
			children = (
				9BE6FD9228A4CBE9000478DC /* Cell */,
				9BB3D07228A23B0300C4C3AD /* SearchViewController.swift */,
			);
			path = Search;
			sourceTree = "<group>";
		};
		9BE6FD9228A4CBE9000478DC /* Cell */ = {
			isa = PBXGroup;
			children = (
				9BE6FD9328A4CBFB000478DC /* TableViewCell.swift */,
				9BE6FD9428A4CBFB000478DC /* TableViewCell.xib */,
			);
			path = Cell;
			sourceTree = "<group>";
		};
		9BE6FD9728A4D429000478DC /* Search */ = {
			isa = PBXGroup;
			children = (
				9BE6FD9828A4D439000478DC /* SearchData.swift */,
				9BE6FD9A28A4D5E4000478DC /* SearchDataModel.swift */,
			);
			path = Search;
			sourceTree = "<group>";
		};
		9BEA059D28A384BB00F94528 /* Model */ = {
			isa = PBXGroup;
			children = (
				9BE6FD9728A4D429000478DC /* Search */,
				9BEA059E28A384CE00F94528 /* DataForMarker.swift */,
				9BEA05A228A3857B00F94528 /* Data_Struct.swift */,
			);
			path = Model;
			sourceTree = "<group>";
		};
/* End PBXGroup section */

/* Begin PBXNativeTarget section */
		9B8E4F3F28A1109600DB566D /* nenetwork */ = {
			isa = PBXNativeTarget;
			buildConfigurationList = 9B8E4F5428A1109900DB566D /* Build configuration list for PBXNativeTarget "nenetwork" */;
			buildPhases = (
				478ACD44B309844CE09B6681 /* [CP] Check Pods Manifest.lock */,
				9B8E4F3C28A1109600DB566D /* Sources */,
				9B8E4F3D28A1109600DB566D /* Frameworks */,
				9B8E4F3E28A1109600DB566D /* Resources */,
				6B8F5842D23831590959178E /* [CP] Embed Pods Frameworks */,
			);
			buildRules = (
			);
			dependencies = (
			);
			name = nenetwork;
			packageProductDependencies = (
				9BB3D07D28A24B9D00C4C3AD /* Alamofire */,
			);
			productName = nenetwork;
			productReference = 9B8E4F4028A1109600DB566D /* nenetwork.app */;
			productType = "com.apple.product-type.application";
		};
/* End PBXNativeTarget section */

/* Begin PBXProject section */
		9B8E4F3828A1109600DB566D /* Project object */ = {
			isa = PBXProject;
			attributes = {
				BuildIndependentTargetsInParallel = 1;
				LastSwiftUpdateCheck = 1340;
				LastUpgradeCheck = 1340;
				TargetAttributes = {
					9B8E4F3F28A1109600DB566D = {
						CreatedOnToolsVersion = 13.4.1;
					};
				};
			};
			buildConfigurationList = 9B8E4F3B28A1109600DB566D /* Build configuration list for PBXProject "nenetwork" */;
			compatibilityVersion = "Xcode 13.0";
			developmentRegion = en;
			hasScannedForEncodings = 0;
			knownRegions = (
				en,
				Base,
			);
			mainGroup = 9B8E4F3728A1109600DB566D;
			packageReferences = (
				9BB3D07C28A24B9D00C4C3AD /* XCRemoteSwiftPackageReference "Alamofire" */,
			);
			productRefGroup = 9B8E4F4128A1109600DB566D /* Products */;
			projectDirPath = "";
			projectRoot = "";
			targets = (
				9B8E4F3F28A1109600DB566D /* nenetwork */,
			);
		};
/* End PBXProject section */

/* Begin PBXResourcesBuildPhase section */
		9B8E4F3E28A1109600DB566D /* Resources */ = {
			isa = PBXResourcesBuildPhase;
			buildActionMask = 2147483647;
			files = (
				9B8E4F5028A1109900DB566D /* LaunchScreen.storyboard in Resources */,
				9B29EF7128A5002F00124BF8 /* IMG_1833.jpg in Resources */,
				9BE6FD9628A4CBFB000478DC /* TableViewCell.xib in Resources */,
				9B8E4F4D28A1109900DB566D /* Assets.xcassets in Resources */,
				9B347ABC28A5F8D9005CD1A3 /* IMG_1837.jpg in Resources */,
				9B8E4F4B28A1109600DB566D /* Main.storyboard in Resources */,
			);
			runOnlyForDeploymentPostprocessing = 0;
		};
/* End PBXResourcesBuildPhase section */

/* Begin PBXShellScriptBuildPhase section */
		478ACD44B309844CE09B6681 /* [CP] Check Pods Manifest.lock */ = {
			isa = PBXShellScriptBuildPhase;
			buildActionMask = 2147483647;
			files = (
			);
			inputFileListPaths = (
			);
			inputPaths = (
				"${PODS_PODFILE_DIR_PATH}/Podfile.lock",
				"${PODS_ROOT}/Manifest.lock",
			);
			name = "[CP] Check Pods Manifest.lock";
			outputFileListPaths = (
			);
			outputPaths = (
				"$(DERIVED_FILE_DIR)/Pods-nenetwork-checkManifestLockResult.txt",
			);
			runOnlyForDeploymentPostprocessing = 0;
			shellPath = /bin/sh;
			shellScript = "diff \"${PODS_PODFILE_DIR_PATH}/Podfile.lock\" \"${PODS_ROOT}/Manifest.lock\" > /dev/null\nif [ $? != 0 ] ; then\n    # print error to STDERR\n    echo \"error: The sandbox is not in sync with the Podfile.lock. Run 'pod install' or update your CocoaPods installation.\" >&2\n    exit 1\nfi\n# This output is used by Xcode 'outputs' to avoid re-running this script phase.\necho \"SUCCESS\" > \"${SCRIPT_OUTPUT_FILE_0}\"\n";
			showEnvVarsInLog = 0;
		};
		6B8F5842D23831590959178E /* [CP] Embed Pods Frameworks */ = {
			isa = PBXShellScriptBuildPhase;
			buildActionMask = 2147483647;
			files = (
			);
			inputFileListPaths = (
				"${PODS_ROOT}/Target Support Files/Pods-nenetwork/Pods-nenetwork-frameworks-${CONFIGURATION}-input-files.xcfilelist",
			);
			name = "[CP] Embed Pods Frameworks";
			outputFileListPaths = (
				"${PODS_ROOT}/Target Support Files/Pods-nenetwork/Pods-nenetwork-frameworks-${CONFIGURATION}-output-files.xcfilelist",
			);
			runOnlyForDeploymentPostprocessing = 0;
			shellPath = /bin/sh;
			shellScript = "\"${PODS_ROOT}/Target Support Files/Pods-nenetwork/Pods-nenetwork-frameworks.sh\"\n";
			showEnvVarsInLog = 0;
		};
/* End PBXShellScriptBuildPhase section */

/* Begin PBXSourcesBuildPhase section */
		9B8E4F3C28A1109600DB566D /* Sources */ = {
			isa = PBXSourcesBuildPhase;
			buildActionMask = 2147483647;
			files = (
				9B29EF7528A5193400124BF8 /* WeatherInfo.swift in Sources */,
				9BB3D07828A249DD00C4C3AD /* API Callers.swift in Sources */,
				9BEA059F28A384CE00F94528 /* DataForMarker.swift in Sources */,
				9BB3D07B28A24A6000C4C3AD /* Ddarengi.swift in Sources */,
				9BE6FD9928A4D439000478DC /* SearchData.swift in Sources */,
				9B29EF7328A517CE00124BF8 /* WeatherViewController.swift in Sources */,
				9B8E4F4828A1109600DB566D /* ViewController.swift in Sources */,
				9BE6FD9B28A4D5E5000478DC /* SearchDataModel.swift in Sources */,
				9B8E4F4428A1109600DB566D /* AppDelegate.swift in Sources */,
				9BE6FD9528A4CBFB000478DC /* TableViewCell.swift in Sources */,
				9BB3D07328A23B0300C4C3AD /* SearchViewController.swift in Sources */,
				9B8E4F4628A1109600DB566D /* SceneDelegate.swift in Sources */,
				9BB3D07528A23F4000C4C3AD /* componentSetting.swift in Sources */,
				9BEA05A328A3857B00F94528 /* Data_Struct.swift in Sources */,
			);
			runOnlyForDeploymentPostprocessing = 0;
		};
/* End PBXSourcesBuildPhase section */

/* Begin PBXVariantGroup section */
		9B8E4F4928A1109600DB566D /* Main.storyboard */ = {
			isa = PBXVariantGroup;
			children = (
				9B8E4F4A28A1109600DB566D /* Base */,
			);
			name = Main.storyboard;
			sourceTree = "<group>";
		};
		9B8E4F4E28A1109900DB566D /* LaunchScreen.storyboard */ = {
			isa = PBXVariantGroup;
			children = (
				9B8E4F4F28A1109900DB566D /* Base */,
			);
			name = LaunchScreen.storyboard;
			sourceTree = "<group>";
		};
/* End PBXVariantGroup section */

/* Begin XCBuildConfiguration section */
		9B8E4F5228A1109900DB566D /* Debug */ = {
			isa = XCBuildConfiguration;
			buildSettings = {
				ALWAYS_SEARCH_USER_PATHS = NO;
				ARCHS = "$(ARCHS_STANDARD)";
				CLANG_ANALYZER_NONNULL = YES;
				CLANG_ANALYZER_NUMBER_OBJECT_CONVERSION = YES_AGGRESSIVE;
				CLANG_CXX_LANGUAGE_STANDARD = "gnu++17";
				CLANG_ENABLE_MODULES = YES;
				CLANG_ENABLE_OBJC_ARC = YES;
				CLANG_ENABLE_OBJC_WEAK = YES;
				CLANG_WARN_BLOCK_CAPTURE_AUTORELEASING = YES;
				CLANG_WARN_BOOL_CONVERSION = YES;
				CLANG_WARN_COMMA = YES;
				CLANG_WARN_CONSTANT_CONVERSION = YES;
				CLANG_WARN_DEPRECATED_OBJC_IMPLEMENTATIONS = YES;
				CLANG_WARN_DIRECT_OBJC_ISA_USAGE = YES_ERROR;
				CLANG_WARN_DOCUMENTATION_COMMENTS = YES;
				CLANG_WARN_EMPTY_BODY = YES;
				CLANG_WARN_ENUM_CONVERSION = YES;
				CLANG_WARN_INFINITE_RECURSION = YES;
				CLANG_WARN_INT_CONVERSION = YES;
				CLANG_WARN_NON_LITERAL_NULL_CONVERSION = YES;
				CLANG_WARN_OBJC_IMPLICIT_RETAIN_SELF = YES;
				CLANG_WARN_OBJC_LITERAL_CONVERSION = YES;
				CLANG_WARN_OBJC_ROOT_CLASS = YES_ERROR;
				CLANG_WARN_QUOTED_INCLUDE_IN_FRAMEWORK_HEADER = YES;
				CLANG_WARN_RANGE_LOOP_ANALYSIS = YES;
				CLANG_WARN_STRICT_PROTOTYPES = YES;
				CLANG_WARN_SUSPICIOUS_MOVE = YES;
				CLANG_WARN_UNGUARDED_AVAILABILITY = YES_AGGRESSIVE;
				CLANG_WARN_UNREACHABLE_CODE = YES;
				CLANG_WARN__DUPLICATE_METHOD_MATCH = YES;
				COPY_PHASE_STRIP = NO;
				DEBUG_INFORMATION_FORMAT = dwarf;
				ENABLE_STRICT_OBJC_MSGSEND = YES;
				ENABLE_TESTABILITY = YES;
				GCC_C_LANGUAGE_STANDARD = gnu11;
				GCC_DYNAMIC_NO_PIC = NO;
				GCC_NO_COMMON_BLOCKS = YES;
				GCC_OPTIMIZATION_LEVEL = 0;
				GCC_PREPROCESSOR_DEFINITIONS = (
					"DEBUG=1",
					"$(inherited)",
				);
				GCC_WARN_64_TO_32_BIT_CONVERSION = YES;
				GCC_WARN_ABOUT_RETURN_TYPE = YES_ERROR;
				GCC_WARN_UNDECLARED_SELECTOR = YES;
				GCC_WARN_UNINITIALIZED_AUTOS = YES_AGGRESSIVE;
				GCC_WARN_UNUSED_FUNCTION = YES;
				GCC_WARN_UNUSED_VARIABLE = YES;
				IPHONEOS_DEPLOYMENT_TARGET = 15.5;
				MTL_ENABLE_DEBUG_INFO = INCLUDE_SOURCE;
				MTL_FAST_MATH = YES;
				ONLY_ACTIVE_ARCH = YES;
				SDKROOT = iphoneos;
				SWIFT_ACTIVE_COMPILATION_CONDITIONS = DEBUG;
				SWIFT_OPTIMIZATION_LEVEL = "-Onone";
			};
			name = Debug;
		};
		9B8E4F5328A1109900DB566D /* Release */ = {
			isa = XCBuildConfiguration;
			buildSettings = {
				ALWAYS_SEARCH_USER_PATHS = NO;
				ARCHS = "$(ARCHS_STANDARD)";
				CLANG_ANALYZER_NONNULL = YES;
				CLANG_ANALYZER_NUMBER_OBJECT_CONVERSION = YES_AGGRESSIVE;
				CLANG_CXX_LANGUAGE_STANDARD = "gnu++17";
				CLANG_ENABLE_MODULES = YES;
				CLANG_ENABLE_OBJC_ARC = YES;
				CLANG_ENABLE_OBJC_WEAK = YES;
				CLANG_WARN_BLOCK_CAPTURE_AUTORELEASING = YES;
				CLANG_WARN_BOOL_CONVERSION = YES;
				CLANG_WARN_COMMA = YES;
				CLANG_WARN_CONSTANT_CONVERSION = YES;
				CLANG_WARN_DEPRECATED_OBJC_IMPLEMENTATIONS = YES;
				CLANG_WARN_DIRECT_OBJC_ISA_USAGE = YES_ERROR;
				CLANG_WARN_DOCUMENTATION_COMMENTS = YES;
				CLANG_WARN_EMPTY_BODY = YES;
				CLANG_WARN_ENUM_CONVERSION = YES;
				CLANG_WARN_INFINITE_RECURSION = YES;
				CLANG_WARN_INT_CONVERSION = YES;
				CLANG_WARN_NON_LITERAL_NULL_CONVERSION = YES;
				CLANG_WARN_OBJC_IMPLICIT_RETAIN_SELF = YES;
				CLANG_WARN_OBJC_LITERAL_CONVERSION = YES;
				CLANG_WARN_OBJC_ROOT_CLASS = YES_ERROR;
				CLANG_WARN_QUOTED_INCLUDE_IN_FRAMEWORK_HEADER = YES;
				CLANG_WARN_RANGE_LOOP_ANALYSIS = YES;
				CLANG_WARN_STRICT_PROTOTYPES = YES;
				CLANG_WARN_SUSPICIOUS_MOVE = YES;
				CLANG_WARN_UNGUARDED_AVAILABILITY = YES_AGGRESSIVE;
				CLANG_WARN_UNREACHABLE_CODE = YES;
				CLANG_WARN__DUPLICATE_METHOD_MATCH = YES;
				COPY_PHASE_STRIP = NO;
				DEBUG_INFORMATION_FORMAT = "dwarf-with-dsym";
				ENABLE_NS_ASSERTIONS = NO;
				ENABLE_STRICT_OBJC_MSGSEND = YES;
				GCC_C_LANGUAGE_STANDARD = gnu11;
				GCC_NO_COMMON_BLOCKS = YES;
				GCC_WARN_64_TO_32_BIT_CONVERSION = YES;
				GCC_WARN_ABOUT_RETURN_TYPE = YES_ERROR;
				GCC_WARN_UNDECLARED_SELECTOR = YES;
				GCC_WARN_UNINITIALIZED_AUTOS = YES_AGGRESSIVE;
				GCC_WARN_UNUSED_FUNCTION = YES;
				GCC_WARN_UNUSED_VARIABLE = YES;
				IPHONEOS_DEPLOYMENT_TARGET = 15.5;
				MTL_ENABLE_DEBUG_INFO = NO;
				MTL_FAST_MATH = YES;
				ONLY_ACTIVE_ARCH = YES;
				SDKROOT = iphoneos;
				SWIFT_COMPILATION_MODE = wholemodule;
				SWIFT_OPTIMIZATION_LEVEL = "-O";
				VALIDATE_PRODUCT = YES;
			};
			name = Release;
		};
		9B8E4F5528A1109900DB566D /* Debug */ = {
			isa = XCBuildConfiguration;
			baseConfigurationReference = BDC79618F3C4BD537FAD6B82 /* Pods-nenetwork.debug.xcconfig */;
			buildSettings = {
				ARCHS = "$(ARCHS_STANDARD)";
				ASSETCATALOG_COMPILER_APPICON_NAME = AppIcon;
				ASSETCATALOG_COMPILER_GLOBAL_ACCENT_COLOR_NAME = AccentColor;
				CODE_SIGN_STYLE = Automatic;
				CURRENT_PROJECT_VERSION = 1;
				DEVELOPMENT_TEAM = 9LAFQ24GSN;
				EXCLUDED_ARCHS = arm64;
				GENERATE_INFOPLIST_FILE = YES;
				INFOPLIST_FILE = nenetwork/Info.plist;
				INFOPLIST_KEY_UIApplicationSupportsIndirectInputEvents = YES;
				INFOPLIST_KEY_UILaunchStoryboardName = LaunchScreen;
				INFOPLIST_KEY_UIMainStoryboardFile = Main;
				INFOPLIST_KEY_UISupportedInterfaceOrientations_iPad = "UIInterfaceOrientationPortrait UIInterfaceOrientationPortraitUpsideDown UIInterfaceOrientationLandscapeLeft UIInterfaceOrientationLandscapeRight";
				INFOPLIST_KEY_UISupportedInterfaceOrientations_iPhone = "UIInterfaceOrientationPortrait UIInterfaceOrientationLandscapeLeft UIInterfaceOrientationLandscapeRight";
				LD_RUNPATH_SEARCH_PATHS = (
					"$(inherited)",
					"@executable_path/Frameworks",
				);
				MARKETING_VERSION = 1.0;
				PRODUCT_BUNDLE_IDENTIFIER = Jason.nenetwork;
				PRODUCT_NAME = "$(TARGET_NAME)";
				SWIFT_EMIT_LOC_STRINGS = YES;
				SWIFT_VERSION = 5.0;
				TARGETED_DEVICE_FAMILY = "1,2";
			};
			name = Debug;
		};
		9B8E4F5628A1109900DB566D /* Release */ = {
			isa = XCBuildConfiguration;
			baseConfigurationReference = 39791708B9B23E0D2A99CA05 /* Pods-nenetwork.release.xcconfig */;
			buildSettings = {
				ARCHS = "$(ARCHS_STANDARD)";
				ASSETCATALOG_COMPILER_APPICON_NAME = AppIcon;
				ASSETCATALOG_COMPILER_GLOBAL_ACCENT_COLOR_NAME = AccentColor;
				CODE_SIGN_STYLE = Automatic;
				CURRENT_PROJECT_VERSION = 1;
				DEVELOPMENT_TEAM = 9LAFQ24GSN;
				EXCLUDED_ARCHS = arm64;
				GENERATE_INFOPLIST_FILE = YES;
				INFOPLIST_FILE = nenetwork/Info.plist;
				INFOPLIST_KEY_UIApplicationSupportsIndirectInputEvents = YES;
				INFOPLIST_KEY_UILaunchStoryboardName = LaunchScreen;
				INFOPLIST_KEY_UIMainStoryboardFile = Main;
				INFOPLIST_KEY_UISupportedInterfaceOrientations_iPad = "UIInterfaceOrientationPortrait UIInterfaceOrientationPortraitUpsideDown UIInterfaceOrientationLandscapeLeft UIInterfaceOrientationLandscapeRight";
				INFOPLIST_KEY_UISupportedInterfaceOrientations_iPhone = "UIInterfaceOrientationPortrait UIInterfaceOrientationLandscapeLeft UIInterfaceOrientationLandscapeRight";
				LD_RUNPATH_SEARCH_PATHS = (
					"$(inherited)",
					"@executable_path/Frameworks",
				);
				MARKETING_VERSION = 1.0;
				PRODUCT_BUNDLE_IDENTIFIER = Jason.nenetwork;
				PRODUCT_NAME = "$(TARGET_NAME)";
				SWIFT_EMIT_LOC_STRINGS = YES;
				SWIFT_VERSION = 5.0;
				TARGETED_DEVICE_FAMILY = "1,2";
			};
			name = Release;
		};
/* End XCBuildConfiguration section */

/* Begin XCConfigurationList section */
		9B8E4F3B28A1109600DB566D /* Build configuration list for PBXProject "nenetwork" */ = {
			isa = XCConfigurationList;
			buildConfigurations = (
				9B8E4F5228A1109900DB566D /* Debug */,
				9B8E4F5328A1109900DB566D /* Release */,
			);
			defaultConfigurationIsVisible = 0;
			defaultConfigurationName = Release;
		};
		9B8E4F5428A1109900DB566D /* Build configuration list for PBXNativeTarget "nenetwork" */ = {
			isa = XCConfigurationList;
			buildConfigurations = (
				9B8E4F5528A1109900DB566D /* Debug */,
				9B8E4F5628A1109900DB566D /* Release */,
			);
			defaultConfigurationIsVisible = 0;
			defaultConfigurationName = Release;
		};
/* End XCConfigurationList section */

/* Begin XCRemoteSwiftPackageReference section */
		9BB3D07C28A24B9D00C4C3AD /* XCRemoteSwiftPackageReference "Alamofire" */ = {
			isa = XCRemoteSwiftPackageReference;
			repositoryURL = "https://github.com/Alamofire/Alamofire.git";
			requirement = {
				kind = upToNextMajorVersion;
				minimumVersion = 5.0.0;
			};
		};
/* End XCRemoteSwiftPackageReference section */

/* Begin XCSwiftPackageProductDependency section */
		9BB3D07D28A24B9D00C4C3AD /* Alamofire */ = {
			isa = XCSwiftPackageProductDependency;
			package = 9BB3D07C28A24B9D00C4C3AD /* XCRemoteSwiftPackageReference "Alamofire" */;
			productName = Alamofire;
		};
/* End XCSwiftPackageProductDependency section */
	};
	rootObject = 9B8E4F3828A1109600DB566D /* Project object */;
}
